// !$*UTF8*$!
{
	archiveVersion = 1;
	classes = {
	};
	objectVersion = 50;
	objects = {

/* Begin PBXBuildFile section */
		1BACB0862160D85300612383 /* AppDelegate.swift in Sources */ = {isa = PBXBuildFile; fileRef = 1BACB0852160D85300612383 /* AppDelegate.swift */; };
		1BACB0882160D85300612383 /* ViewController.swift in Sources */ = {isa = PBXBuildFile; fileRef = 1BACB0872160D85300612383 /* ViewController.swift */; };
		1BACB08B2160D85300612383 /* Main.storyboard in Resources */ = {isa = PBXBuildFile; fileRef = 1BACB0892160D85300612383 /* Main.storyboard */; };
		1BACB08D2160D85300612383 /* Assets.xcassets in Resources */ = {isa = PBXBuildFile; fileRef = 1BACB08C2160D85300612383 /* Assets.xcassets */; };
		1BACB0902160D85300612383 /* LaunchScreen.storyboard in Resources */ = {isa = PBXBuildFile; fileRef = 1BACB08E2160D85300612383 /* LaunchScreen.storyboard */; };
		1BACB0A02160D96C00612383 /* SCNVideoRecorder.framework in Frameworks */ = {isa = PBXBuildFile; fileRef = 1BACB09C2160D94200612383 /* SCNVideoRecorder.framework */; };
		1BACB0A22160D98100612383 /* SCNVideoRecorder.framework in CopyFiles */ = {isa = PBXBuildFile; fileRef = 1BACB09C2160D94200612383 /* SCNVideoRecorder.framework */; settings = {ATTRIBUTES = (CodeSignOnCopy, RemoveHeadersOnCopy, ); }; };
		1BACB0AB2160F91E00612383 /* EthanolScene.dae in Resources */ = {isa = PBXBuildFile; fileRef = 1BACB0AA2160F91D00612383 /* EthanolScene.dae */; };
/* End PBXBuildFile section */

/* Begin PBXContainerItemProxy section */
		1BACB09B2160D94200612383 /* PBXContainerItemProxy */ = {
			isa = PBXContainerItemProxy;
			containerPortal = 1BACB0972160D94200612383 /* SCNVideoRecorder.xcodeproj */;
			proxyType = 2;
			remoteGlobalIDString = 1BCBEEFB211E2AB500CF6F5D;
			remoteInfo = SCNVideoRecorder;
		};
		1BACB09D2160D96500612383 /* PBXContainerItemProxy */ = {
			isa = PBXContainerItemProxy;
			containerPortal = 1BACB0972160D94200612383 /* SCNVideoRecorder.xcodeproj */;
			proxyType = 1;
			remoteGlobalIDString = 1BCBEEFA211E2AB500CF6F5D;
			remoteInfo = SCNVideoRecorder;
		};
/* End PBXContainerItemProxy section */

/* Begin PBXCopyFilesBuildPhase section */
		1BACB0A12160D97900612383 /* CopyFiles */ = {
			isa = PBXCopyFilesBuildPhase;
			buildActionMask = 2147483647;
			dstPath = "";
			dstSubfolderSpec = 10;
			files = (
				1BACB0A22160D98100612383 /* SCNVideoRecorder.framework in CopyFiles */,
			);
			runOnlyForDeploymentPostprocessing = 0;
		};
/* End PBXCopyFilesBuildPhase section */

/* Begin PBXFileReference section */
		1BACB0822160D85300612383 /* Demo.app */ = {isa = PBXFileReference; explicitFileType = wrapper.application; includeInIndex = 0; path = Demo.app; sourceTree = BUILT_PRODUCTS_DIR; };
		1BACB0852160D85300612383 /* AppDelegate.swift */ = {isa = PBXFileReference; lastKnownFileType = sourcecode.swift; path = AppDelegate.swift; sourceTree = "<group>"; };
		1BACB0872160D85300612383 /* ViewController.swift */ = {isa = PBXFileReference; lastKnownFileType = sourcecode.swift; path = ViewController.swift; sourceTree = "<group>"; };
		1BACB08A2160D85300612383 /* Base */ = {isa = PBXFileReference; lastKnownFileType = file.storyboard; name = Base; path = Base.lproj/Main.storyboard; sourceTree = "<group>"; };
		1BACB08C2160D85300612383 /* Assets.xcassets */ = {isa = PBXFileReference; lastKnownFileType = folder.assetcatalog; path = Assets.xcassets; sourceTree = "<group>"; };
		1BACB08F2160D85300612383 /* Base */ = {isa = PBXFileReference; lastKnownFileType = file.storyboard; name = Base; path = Base.lproj/LaunchScreen.storyboard; sourceTree = "<group>"; };
		1BACB0912160D85300612383 /* Info.plist */ = {isa = PBXFileReference; lastKnownFileType = text.plist.xml; path = Info.plist; sourceTree = "<group>"; };
		1BACB0972160D94200612383 /* SCNVideoRecorder.xcodeproj */ = {isa = PBXFileReference; lastKnownFileType = "wrapper.pb-project"; name = SCNVideoRecorder.xcodeproj; path = ../SCNVideoRecorder.xcodeproj; sourceTree = "<group>"; };
		1BACB0AA2160F91D00612383 /* EthanolScene.dae */ = {isa = PBXFileReference; fileEncoding = 4; lastKnownFileType = text.xml.dae; path = EthanolScene.dae; sourceTree = "<group>"; };
/* End PBXFileReference section */

/* Begin PBXFrameworksBuildPhase section */
		1BACB07F2160D85300612383 /* Frameworks */ = {
			isa = PBXFrameworksBuildPhase;
			buildActionMask = 2147483647;
			files = (
				1BACB0A02160D96C00612383 /* SCNVideoRecorder.framework in Frameworks */,
			);
			runOnlyForDeploymentPostprocessing = 0;
		};
/* End PBXFrameworksBuildPhase section */

/* Begin PBXGroup section */
		1BACB0792160D85300612383 = {
			isa = PBXGroup;
			children = (
				1BACB0972160D94200612383 /* SCNVideoRecorder.xcodeproj */,
				1BACB0842160D85300612383 /* Demo */,
				1BACB0832160D85300612383 /* Products */,
				1BACB09F2160D96C00612383 /* Frameworks */,
			);
			sourceTree = "<group>";
		};
		1BACB0832160D85300612383 /* Products */ = {
			isa = PBXGroup;
			children = (
				1BACB0822160D85300612383 /* Demo.app */,
			);
			name = Products;
			sourceTree = "<group>";
		};
		1BACB0842160D85300612383 /* Demo */ = {
			isa = PBXGroup;
			children = (
				1BACB0852160D85300612383 /* AppDelegate.swift */,
				1BACB0872160D85300612383 /* ViewController.swift */,
				1BACB0892160D85300612383 /* Main.storyboard */,
				1BACB08C2160D85300612383 /* Assets.xcassets */,
				1BACB08E2160D85300612383 /* LaunchScreen.storyboard */,
				1BACB0AA2160F91D00612383 /* EthanolScene.dae */,
				1BACB0912160D85300612383 /* Info.plist */,
			);
			path = Demo;
			sourceTree = "<group>";
		};
		1BACB0982160D94200612383 /* Products */ = {
			isa = PBXGroup;
			children = (
				1BACB09C2160D94200612383 /* SCNVideoRecorder.framework */,
			);
			name = Products;
			sourceTree = "<group>";
		};
		1BACB09F2160D96C00612383 /* Frameworks */ = {
			isa = PBXGroup;
			children = (
			);
			name = Frameworks;
			sourceTree = "<group>";
		};
/* End PBXGroup section */

/* Begin PBXNativeTarget section */
		1BACB0812160D85300612383 /* Demo */ = {
			isa = PBXNativeTarget;
			buildConfigurationList = 1BACB0942160D85300612383 /* Build configuration list for PBXNativeTarget "Demo" */;
			buildPhases = (
				1BACB07E2160D85300612383 /* Sources */,
				1BACB07F2160D85300612383 /* Frameworks */,
				1BACB0802160D85300612383 /* Resources */,
				1BACB0A12160D97900612383 /* CopyFiles */,
			);
			buildRules = (
			);
			dependencies = (
				1BACB09E2160D96500612383 /* PBXTargetDependency */,
			);
			name = Demo;
			productName = Demo;
			productReference = 1BACB0822160D85300612383 /* Demo.app */;
			productType = "com.apple.product-type.application";
		};
/* End PBXNativeTarget section */

/* Begin PBXProject section */
		1BACB07A2160D85300612383 /* Project object */ = {
			isa = PBXProject;
			attributes = {
				LastSwiftUpdateCheck = 1000;
				LastUpgradeCheck = 1000;
				ORGANIZATIONNAME = "Bridge Comm.";
				TargetAttributes = {
					1BACB0812160D85300612383 = {
						CreatedOnToolsVersion = 10.0;
					};
				};
			};
			buildConfigurationList = 1BACB07D2160D85300612383 /* Build configuration list for PBXProject "Demo" */;
			compatibilityVersion = "Xcode 9.3";
			developmentRegion = en;
			hasScannedForEncodings = 0;
			knownRegions = (
				en,
				Base,
			);
			mainGroup = 1BACB0792160D85300612383;
			productRefGroup = 1BACB0832160D85300612383 /* Products */;
			projectDirPath = "";
			projectReferences = (
				{
					ProductGroup = 1BACB0982160D94200612383 /* Products */;
					ProjectRef = 1BACB0972160D94200612383 /* SCNVideoRecorder.xcodeproj */;
				},
			);
			projectRoot = "";
			targets = (
				1BACB0812160D85300612383 /* Demo */,
			);
		};
/* End PBXProject section */

/* Begin PBXReferenceProxy section */
		1BACB09C2160D94200612383 /* SCNVideoRecorder.framework */ = {
			isa = PBXReferenceProxy;
			fileType = wrapper.framework;
			path = SCNVideoRecorder.framework;
			remoteRef = 1BACB09B2160D94200612383 /* PBXContainerItemProxy */;
			sourceTree = BUILT_PRODUCTS_DIR;
		};
/* End PBXReferenceProxy section */

/* Begin PBXResourcesBuildPhase section */
		1BACB0802160D85300612383 /* Resources */ = {
			isa = PBXResourcesBuildPhase;
			buildActionMask = 2147483647;
			files = (
				1BACB0902160D85300612383 /* LaunchScreen.storyboard in Resources */,
				1BACB0AB2160F91E00612383 /* EthanolScene.dae in Resources */,
				1BACB08D2160D85300612383 /* Assets.xcassets in Resources */,
				1BACB08B2160D85300612383 /* Main.storyboard in Resources */,
			);
			runOnlyForDeploymentPostprocessing = 0;
		};
/* End PBXResourcesBuildPhase section */

/* Begin PBXSourcesBuildPhase section */
		1BACB07E2160D85300612383 /* Sources */ = {
			isa = PBXSourcesBuildPhase;
			buildActionMask = 2147483647;
			files = (
				1BACB0882160D85300612383 /* ViewController.swift in Sources */,
				1BACB0862160D85300612383 /* AppDelegate.swift in Sources */,
			);
			runOnlyForDeploymentPostprocessing = 0;
		};
/* End PBXSourcesBuildPhase section */

/* Begin PBXTargetDependency section */
		1BACB09E2160D96500612383 /* PBXTargetDependency */ = {
			isa = PBXTargetDependency;
			name = SCNVideoRecorder;
			targetProxy = 1BACB09D2160D96500612383 /* PBXContainerItemProxy */;
		};
/* End PBXTargetDependency section */

/* Begin PBXVariantGroup section */
		1BACB0892160D85300612383 /* Main.storyboard */ = {
			isa = PBXVariantGroup;
			children = (
				1BACB08A2160D85300612383 /* Base */,
			);
			name = Main.storyboard;
			sourceTree = "<group>";
		};
		1BACB08E2160D85300612383 /* LaunchScreen.storyboard */ = {
			isa = PBXVariantGroup;
			children = (
				1BACB08F2160D85300612383 /* Base */,
			);
			name = LaunchScreen.storyboard;
			sourceTree = "<group>";
		};
/* End PBXVariantGroup section */

/* Begin XCBuildConfiguration section */
		1BACB0922160D85300612383 /* Debug */ = {
			isa = XCBuildConfiguration;
			buildSettings = {
				ALWAYS_SEARCH_USER_PATHS = NO;
				CLANG_ANALYZER_NONNULL = YES;
				CLANG_ANALYZER_NUMBER_OBJECT_CONVERSION = YES_AGGRESSIVE;
				CLANG_CXX_LANGUAGE_STANDARD = "gnu++14";
				CLANG_CXX_LIBRARY = "libc++";
				CLANG_ENABLE_MODULES = YES;
				CLANG_ENABLE_OBJC_ARC = YES;
				CLANG_ENABLE_OBJC_WEAK = YES;
				CLANG_WARN_BLOCK_CAPTURE_AUTORELEASING = YES;
				CLANG_WARN_BOOL_CONVERSION = YES;
				CLANG_WARN_COMMA = YES;
				CLANG_WARN_CONSTANT_CONVERSION = YES;
				CLANG_WARN_DEPRECATED_OBJC_IMPLEMENTATIONS = YES;
				CLANG_WARN_DIRECT_OBJC_ISA_USAGE = YES_ERROR;
				CLANG_WARN_DOCUMENTATION_COMMENTS = YES;
				CLANG_WARN_EMPTY_BODY = YES;
				CLANG_WARN_ENUM_CONVERSION = YES;
				CLANG_WARN_INFINITE_RECURSION = YES;
				CLANG_WARN_INT_CONVERSION = YES;
				CLANG_WARN_NON_LITERAL_NULL_CONVERSION = YES;
				CLANG_WARN_OBJC_IMPLICIT_RETAIN_SELF = YES;
				CLANG_WARN_OBJC_LITERAL_CONVERSION = YES;
				CLANG_WARN_OBJC_ROOT_CLASS = YES_ERROR;
				CLANG_WARN_RANGE_LOOP_ANALYSIS = YES;
				CLANG_WARN_STRICT_PROTOTYPES = YES;
				CLANG_WARN_SUSPICIOUS_MOVE = YES;
				CLANG_WARN_UNGUARDED_AVAILABILITY = YES_AGGRESSIVE;
				CLANG_WARN_UNREACHABLE_CODE = YES;
				CLANG_WARN__DUPLICATE_METHOD_MATCH = YES;
				CODE_SIGN_IDENTITY = "iPhone Developer";
				COPY_PHASE_STRIP = NO;
				DEBUG_INFORMATION_FORMAT = dwarf;
				ENABLE_STRICT_OBJC_MSGSEND = YES;
				ENABLE_TESTABILITY = YES;
				GCC_C_LANGUAGE_STANDARD = gnu11;
				GCC_DYNAMIC_NO_PIC = NO;
				GCC_NO_COMMON_BLOCKS = YES;
				GCC_OPTIMIZATION_LEVEL = 0;
				GCC_PREPROCESSOR_DEFINITIONS = (
					"DEBUG=1",
					"$(inherited)",
				);
				GCC_WARN_64_TO_32_BIT_CONVERSION = YES;
				GCC_WARN_ABOUT_RETURN_TYPE = YES_ERROR;
				GCC_WARN_UNDECLARED_SELECTOR = YES;
				GCC_WARN_UNINITIALIZED_AUTOS = YES_AGGRESSIVE;
				GCC_WARN_UNUSED_FUNCTION = YES;
				GCC_WARN_UNUSED_VARIABLE = YES;
				IPHONEOS_DEPLOYMENT_TARGET = 12.0;
				MTL_ENABLE_DEBUG_INFO = INCLUDE_SOURCE;
				MTL_FAST_MATH = YES;
				ONLY_ACTIVE_ARCH = YES;
				SDKROOT = iphoneos;
				SWIFT_ACTIVE_COMPILATION_CONDITIONS = DEBUG;
				SWIFT_OPTIMIZATION_LEVEL = "-Onone";
			};
			name = Debug;
		};
		1BACB0932160D85300612383 /* Release */ = {
			isa = XCBuildConfiguration;
			buildSettings = {
				ALWAYS_SEARCH_USER_PATHS = NO;
				CLANG_ANALYZER_NONNULL = YES;
				CLANG_ANALYZER_NUMBER_OBJECT_CONVERSION = YES_AGGRESSIVE;
				CLANG_CXX_LANGUAGE_STANDARD = "gnu++14";
				CLANG_CXX_LIBRARY = "libc++";
				CLANG_ENABLE_MODULES = YES;
				CLANG_ENABLE_OBJC_ARC = YES;
				CLANG_ENABLE_OBJC_WEAK = YES;
				CLANG_WARN_BLOCK_CAPTURE_AUTORELEASING = YES;
				CLANG_WARN_BOOL_CONVERSION = YES;
				CLANG_WARN_COMMA = YES;
				CLANG_WARN_CONSTANT_CONVERSION = YES;
				CLANG_WARN_DEPRECATED_OBJC_IMPLEMENTATIONS = YES;
				CLANG_WARN_DIRECT_OBJC_ISA_USAGE = YES_ERROR;
				CLANG_WARN_DOCUMENTATION_COMMENTS = YES;
				CLANG_WARN_EMPTY_BODY = YES;
				CLANG_WARN_ENUM_CONVERSION = YES;
				CLANG_WARN_INFINITE_RECURSION = YES;
				CLANG_WARN_INT_CONVERSION = YES;
				CLANG_WARN_NON_LITERAL_NULL_CONVERSION = YES;
				CLANG_WARN_OBJC_IMPLICIT_RETAIN_SELF = YES;
				CLANG_WARN_OBJC_LITERAL_CONVERSION = YES;
				CLANG_WARN_OBJC_ROOT_CLASS = YES_ERROR;
				CLANG_WARN_RANGE_LOOP_ANALYSIS = YES;
				CLANG_WARN_STRICT_PROTOTYPES = YES;
				CLANG_WARN_SUSPICIOUS_MOVE = YES;
				CLANG_WARN_UNGUARDED_AVAILABILITY = YES_AGGRESSIVE;
				CLANG_WARN_UNREACHABLE_CODE = YES;
				CLANG_WARN__DUPLICATE_METHOD_MATCH = YES;
				CODE_SIGN_IDENTITY = "iPhone Developer";
				COPY_PHASE_STRIP = NO;
				DEBUG_INFORMATION_FORMAT = "dwarf-with-dsym";
				ENABLE_NS_ASSERTIONS = NO;
				ENABLE_STRICT_OBJC_MSGSEND = YES;
				GCC_C_LANGUAGE_STANDARD = gnu11;
				GCC_NO_COMMON_BLOCKS = YES;
				GCC_WARN_64_TO_32_BIT_CONVERSION = YES;
				GCC_WARN_ABOUT_RETURN_TYPE = YES_ERROR;
				GCC_WARN_UNDECLARED_SELECTOR = YES;
				GCC_WARN_UNINITIALIZED_AUTOS = YES_AGGRESSIVE;
				GCC_WARN_UNUSED_FUNCTION = YES;
				GCC_WARN_UNUSED_VARIABLE = YES;
				IPHONEOS_DEPLOYMENT_TARGET = 12.0;
				MTL_ENABLE_DEBUG_INFO = NO;
				MTL_FAST_MATH = YES;
				SDKROOT = iphoneos;
				SWIFT_COMPILATION_MODE = wholemodule;
				SWIFT_OPTIMIZATION_LEVEL = "-O";
				VALIDATE_PRODUCT = YES;
			};
			name = Release;
		};
		1BACB0952160D85300612383 /* Debug */ = {
			isa = XCBuildConfiguration;
			buildSettings = {
				ASSETCATALOG_COMPILER_APPICON_NAME = AppIcon;
				CODE_SIGN_STYLE = Automatic;
				DEVELOPMENT_TEAM = QVFBZ7RHN2;
				INFOPLIST_FILE = Demo/Info.plist;
				IPHONEOS_DEPLOYMENT_TARGET = 11.0;
				LD_RUNPATH_SEARCH_PATHS = (
					"$(inherited)",
					"@executable_path/Frameworks",
				);
				PRODUCT_BUNDLE_IDENTIFIER = com.lymes.Demo;
				PRODUCT_NAME = "$(TARGET_NAME)";
				SWIFT_VERSION = 4.2;
				TARGETED_DEVICE_FAMILY = "1,2";
			};
			name = Debug;
		};
		1BACB0962160D85300612383 /* Release */ = {
			isa = XCBuildConfiguration;
			buildSettings = {
				ASSETCATALOG_COMPILER_APPICON_NAME = AppIcon;
				CODE_SIGN_STYLE = Automatic;
				DEVELOPMENT_TEAM = QVFBZ7RHN2;
				INFOPLIST_FILE = Demo/Info.plist;
				IPHONEOS_DEPLOYMENT_TARGET = 11.0;
				LD_RUNPATH_SEARCH_PATHS = (
					"$(inherited)",
					"@executable_path/Frameworks",
				);
				PRODUCT_BUNDLE_IDENTIFIER = com.lymes.Demo;
				PRODUCT_NAME = "$(TARGET_NAME)";
				SWIFT_VERSION = 4.2;
				TARGETED_DEVICE_FAMILY = "1,2";
			};
			name = Release;
		};
/* End XCBuildConfiguration section */

/* Begin XCConfigurationList section */
		1BACB07D2160D85300612383 /* Build configuration list for PBXProject "Demo" */ = {
			isa = XCConfigurationList;
			buildConfigurations = (
				1BACB0922160D85300612383 /* Debug */,
				1BACB0932160D85300612383 /* Release */,
			);
			defaultConfigurationIsVisible = 0;
			defaultConfigurationName = Release;
		};
		1BACB0942160D85300612383 /* Build configuration list for PBXNativeTarget "Demo" */ = {
			isa = XCConfigurationList;
			buildConfigurations = (
				1BACB0952160D85300612383 /* Debug */,
				1BACB0962160D85300612383 /* Release */,
			);
			defaultConfigurationIsVisible = 0;
			defaultConfigurationName = Release;
		};
/* End XCConfigurationList section */
	};
	rootObject = 1BACB07A2160D85300612383 /* Project object */;
}
